// !$*UTF8*$!
{
	archiveVersion = 1;
	classes = {
	};
	objectVersion = 46;
	objects = {

/* Begin PBXBuildFile section */
		90FEBB061B6935A90005E42A /* Database.swift in Sources */ = {isa = PBXBuildFile; fileRef = 90FEBB051B6935A90005E42A /* Database.swift */; };
		90FEBC4B1B66B29E00B56652 /* SignUpController.swift in Sources */ = {isa = PBXBuildFile; fileRef = 90FEBC4A1B66B29E00B56652 /* SignUpController.swift */; };
		90FEBC6A1B66B6EE00B56652 /* Bolts.framework in Frameworks */ = {isa = PBXBuildFile; fileRef = 90FEBC681B66B6EE00B56652 /* Bolts.framework */; };
		90FEBC6B1B66B6EE00B56652 /* Parse.framework in Frameworks */ = {isa = PBXBuildFile; fileRef = 90FEBC691B66B6EE00B56652 /* Parse.framework */; };
		90FEBC761B66BAEC00B56652 /* AudioToolbox.framework in Frameworks */ = {isa = PBXBuildFile; fileRef = 90FEBC6C1B66BAEC00B56652 /* AudioToolbox.framework */; };
		90FEBC771B66BAEC00B56652 /* CFNetwork.framework in Frameworks */ = {isa = PBXBuildFile; fileRef = 90FEBC6D1B66BAEC00B56652 /* CFNetwork.framework */; };
		90FEBC781B66BAEC00B56652 /* CoreGraphics.framework in Frameworks */ = {isa = PBXBuildFile; fileRef = 90FEBC6E1B66BAEC00B56652 /* CoreGraphics.framework */; };
		90FEBC791B66BAEC00B56652 /* CoreLocation.framework in Frameworks */ = {isa = PBXBuildFile; fileRef = 90FEBC6F1B66BAEC00B56652 /* CoreLocation.framework */; };
		90FEBC7A1B66BAEC00B56652 /* libsqlite3.dylib in Frameworks */ = {isa = PBXBuildFile; fileRef = 90FEBC701B66BAEC00B56652 /* libsqlite3.dylib */; };
		90FEBC7B1B66BAEC00B56652 /* libz.dylib in Frameworks */ = {isa = PBXBuildFile; fileRef = 90FEBC711B66BAEC00B56652 /* libz.dylib */; };
		90FEBC7C1B66BAEC00B56652 /* QuartzCore.framework in Frameworks */ = {isa = PBXBuildFile; fileRef = 90FEBC721B66BAEC00B56652 /* QuartzCore.framework */; };
		90FEBC7D1B66BAEC00B56652 /* Security.framework in Frameworks */ = {isa = PBXBuildFile; fileRef = 90FEBC731B66BAEC00B56652 /* Security.framework */; };
		90FEBC7E1B66BAEC00B56652 /* StoreKit.framework in Frameworks */ = {isa = PBXBuildFile; fileRef = 90FEBC741B66BAEC00B56652 /* StoreKit.framework */; };
		90FEBC7F1B66BAEC00B56652 /* SystemConfiguration.framework in Frameworks */ = {isa = PBXBuildFile; fileRef = 90FEBC751B66BAEC00B56652 /* SystemConfiguration.framework */; };
		90FEBC821B66CAB500B56652 /* SignInController.swift in Sources */ = {isa = PBXBuildFile; fileRef = 90FEBC811B66CAB500B56652 /* SignInController.swift */; };
		BC8BD3F11B69344E00191CCF /* HomeViewController.swift in Sources */ = {isa = PBXBuildFile; fileRef = BC8BD3F01B69344E00191CCF /* HomeViewController.swift */; };
		BC8BD3F31B693B8D00191CCF /* CreateDiscussionBoardViewController.swift in Sources */ = {isa = PBXBuildFile; fileRef = BC8BD3F21B693B8D00191CCF /* CreateDiscussionBoardViewController.swift */; };
		BCEB58EB1B66A2A7008B31B4 /* AppDelegate.swift in Sources */ = {isa = PBXBuildFile; fileRef = BCEB58EA1B66A2A7008B31B4 /* AppDelegate.swift */; };
		BCEB58ED1B66A2A7008B31B4 /* ViewController.swift in Sources */ = {isa = PBXBuildFile; fileRef = BCEB58EC1B66A2A7008B31B4 /* ViewController.swift */; };
		BCEB58F01B66A2A7008B31B4 /* Main.storyboard in Resources */ = {isa = PBXBuildFile; fileRef = BCEB58EE1B66A2A7008B31B4 /* Main.storyboard */; };
		BCEB58F21B66A2A7008B31B4 /* Images.xcassets in Resources */ = {isa = PBXBuildFile; fileRef = BCEB58F11B66A2A7008B31B4 /* Images.xcassets */; };
		BCEB58F51B66A2A7008B31B4 /* LaunchScreen.xib in Resources */ = {isa = PBXBuildFile; fileRef = BCEB58F31B66A2A7008B31B4 /* LaunchScreen.xib */; };
		BCEB59011B66A2A7008B31B4 /* MADLabTests.swift in Sources */ = {isa = PBXBuildFile; fileRef = BCEB59001B66A2A7008B31B4 /* MADLabTests.swift */; };
/* End PBXBuildFile section */

/* Begin PBXContainerItemProxy section */
		BCEB58FB1B66A2A7008B31B4 /* PBXContainerItemProxy */ = {
			isa = PBXContainerItemProxy;
			containerPortal = BCEB58DD1B66A2A7008B31B4 /* Project object */;
			proxyType = 1;
			remoteGlobalIDString = BCEB58E41B66A2A7008B31B4;
			remoteInfo = MADLab;
		};
/* End PBXContainerItemProxy section */

/* Begin PBXFileReference section */
		90FEBB051B6935A90005E42A /* Database.swift */ = {isa = PBXFileReference; fileEncoding = 4; lastKnownFileType = sourcecode.swift; path = Database.swift; sourceTree = "<group>"; };
		90FEBC4A1B66B29E00B56652 /* SignUpController.swift */ = {isa = PBXFileReference; fileEncoding = 4; lastKnownFileType = sourcecode.swift; path = SignUpController.swift; sourceTree = "<group>"; };
		90FEBC681B66B6EE00B56652 /* Bolts.framework */ = {isa = PBXFileReference; lastKnownFileType = wrapper.framework; path = Bolts.framework; sourceTree = "<group>"; };
		90FEBC691B66B6EE00B56652 /* Parse.framework */ = {isa = PBXFileReference; lastKnownFileType = wrapper.framework; path = Parse.framework; sourceTree = "<group>"; };
		90FEBC6C1B66BAEC00B56652 /* AudioToolbox.framework */ = {isa = PBXFileReference; lastKnownFileType = wrapper.framework; name = AudioToolbox.framework; path = System/Library/Frameworks/AudioToolbox.framework; sourceTree = SDKROOT; };
		90FEBC6D1B66BAEC00B56652 /* CFNetwork.framework */ = {isa = PBXFileReference; lastKnownFileType = wrapper.framework; name = CFNetwork.framework; path = System/Library/Frameworks/CFNetwork.framework; sourceTree = SDKROOT; };
		90FEBC6E1B66BAEC00B56652 /* CoreGraphics.framework */ = {isa = PBXFileReference; lastKnownFileType = wrapper.framework; name = CoreGraphics.framework; path = System/Library/Frameworks/CoreGraphics.framework; sourceTree = SDKROOT; };
		90FEBC6F1B66BAEC00B56652 /* CoreLocation.framework */ = {isa = PBXFileReference; lastKnownFileType = wrapper.framework; name = CoreLocation.framework; path = System/Library/Frameworks/CoreLocation.framework; sourceTree = SDKROOT; };
		90FEBC701B66BAEC00B56652 /* libsqlite3.dylib */ = {isa = PBXFileReference; lastKnownFileType = "compiled.mach-o.dylib"; name = libsqlite3.dylib; path = usr/lib/libsqlite3.dylib; sourceTree = SDKROOT; };
		90FEBC711B66BAEC00B56652 /* libz.dylib */ = {isa = PBXFileReference; lastKnownFileType = "compiled.mach-o.dylib"; name = libz.dylib; path = usr/lib/libz.dylib; sourceTree = SDKROOT; };
		90FEBC721B66BAEC00B56652 /* QuartzCore.framework */ = {isa = PBXFileReference; lastKnownFileType = wrapper.framework; name = QuartzCore.framework; path = System/Library/Frameworks/QuartzCore.framework; sourceTree = SDKROOT; };
		90FEBC731B66BAEC00B56652 /* Security.framework */ = {isa = PBXFileReference; lastKnownFileType = wrapper.framework; name = Security.framework; path = System/Library/Frameworks/Security.framework; sourceTree = SDKROOT; };
		90FEBC741B66BAEC00B56652 /* StoreKit.framework */ = {isa = PBXFileReference; lastKnownFileType = wrapper.framework; name = StoreKit.framework; path = System/Library/Frameworks/StoreKit.framework; sourceTree = SDKROOT; };
		90FEBC751B66BAEC00B56652 /* SystemConfiguration.framework */ = {isa = PBXFileReference; lastKnownFileType = wrapper.framework; name = SystemConfiguration.framework; path = System/Library/Frameworks/SystemConfiguration.framework; sourceTree = SDKROOT; };
		90FEBC811B66CAB500B56652 /* SignInController.swift */ = {isa = PBXFileReference; fileEncoding = 4; lastKnownFileType = sourcecode.swift; path = SignInController.swift; sourceTree = "<group>"; };
		BC8BD3F01B69344E00191CCF /* HomeViewController.swift */ = {isa = PBXFileReference; fileEncoding = 4; lastKnownFileType = sourcecode.swift; path = HomeViewController.swift; sourceTree = "<group>"; };
		BC8BD3F21B693B8D00191CCF /* CreateDiscussionBoardViewController.swift */ = {isa = PBXFileReference; fileEncoding = 4; lastKnownFileType = sourcecode.swift; path = CreateDiscussionBoardViewController.swift; sourceTree = "<group>"; };
		BCEB58E51B66A2A7008B31B4 /* MADLab.app */ = {isa = PBXFileReference; explicitFileType = wrapper.application; includeInIndex = 0; path = MADLab.app; sourceTree = BUILT_PRODUCTS_DIR; };
		BCEB58E91B66A2A7008B31B4 /* Info.plist */ = {isa = PBXFileReference; lastKnownFileType = text.plist.xml; path = Info.plist; sourceTree = "<group>"; };
		BCEB58EA1B66A2A7008B31B4 /* AppDelegate.swift */ = {isa = PBXFileReference; lastKnownFileType = sourcecode.swift; path = AppDelegate.swift; sourceTree = "<group>"; };
		BCEB58EC1B66A2A7008B31B4 /* ViewController.swift */ = {isa = PBXFileReference; lastKnownFileType = sourcecode.swift; path = ViewController.swift; sourceTree = "<group>"; };
		BCEB58EF1B66A2A7008B31B4 /* Base */ = {isa = PBXFileReference; lastKnownFileType = file.storyboard; name = Base; path = Base.lproj/Main.storyboard; sourceTree = "<group>"; };
		BCEB58F11B66A2A7008B31B4 /* Images.xcassets */ = {isa = PBXFileReference; lastKnownFileType = folder.assetcatalog; path = Images.xcassets; sourceTree = "<group>"; };
		BCEB58F41B66A2A7008B31B4 /* Base */ = {isa = PBXFileReference; lastKnownFileType = file.xib; name = Base; path = Base.lproj/LaunchScreen.xib; sourceTree = "<group>"; };
		BCEB58FA1B66A2A7008B31B4 /* MADLabTests.xctest */ = {isa = PBXFileReference; explicitFileType = wrapper.cfbundle; includeInIndex = 0; path = MADLabTests.xctest; sourceTree = BUILT_PRODUCTS_DIR; };
		BCEB58FF1B66A2A7008B31B4 /* Info.plist */ = {isa = PBXFileReference; lastKnownFileType = text.plist.xml; path = Info.plist; sourceTree = "<group>"; };
		BCEB59001B66A2A7008B31B4 /* MADLabTests.swift */ = {isa = PBXFileReference; lastKnownFileType = sourcecode.swift; path = MADLabTests.swift; sourceTree = "<group>"; };
/* End PBXFileReference section */

/* Begin PBXFrameworksBuildPhase section */
		BCEB58E21B66A2A7008B31B4 /* Frameworks */ = {
			isa = PBXFrameworksBuildPhase;
			buildActionMask = 2147483647;
			files = (
				90FEBC761B66BAEC00B56652 /* AudioToolbox.framework in Frameworks */,
				90FEBC771B66BAEC00B56652 /* CFNetwork.framework in Frameworks */,
				90FEBC781B66BAEC00B56652 /* CoreGraphics.framework in Frameworks */,
				90FEBC791B66BAEC00B56652 /* CoreLocation.framework in Frameworks */,
				90FEBC7A1B66BAEC00B56652 /* libsqlite3.dylib in Frameworks */,
				90FEBC7B1B66BAEC00B56652 /* libz.dylib in Frameworks */,
				90FEBC7C1B66BAEC00B56652 /* QuartzCore.framework in Frameworks */,
				90FEBC7D1B66BAEC00B56652 /* Security.framework in Frameworks */,
				90FEBC7E1B66BAEC00B56652 /* StoreKit.framework in Frameworks */,
				90FEBC7F1B66BAEC00B56652 /* SystemConfiguration.framework in Frameworks */,
				90FEBC6A1B66B6EE00B56652 /* Bolts.framework in Frameworks */,
				90FEBC6B1B66B6EE00B56652 /* Parse.framework in Frameworks */,
			);
			runOnlyForDeploymentPostprocessing = 0;
		};
		BCEB58F71B66A2A7008B31B4 /* Frameworks */ = {
			isa = PBXFrameworksBuildPhase;
			buildActionMask = 2147483647;
			files = (
			);
			runOnlyForDeploymentPostprocessing = 0;
		};
/* End PBXFrameworksBuildPhase section */

/* Begin PBXGroup section */
		90FEBC801B66C2BC00B56652 /* Frameworks */ = {
			isa = PBXGroup;
			children = (
				90FEBC6C1B66BAEC00B56652 /* AudioToolbox.framework */,
				90FEBC6D1B66BAEC00B56652 /* CFNetwork.framework */,
				90FEBC6E1B66BAEC00B56652 /* CoreGraphics.framework */,
				90FEBC6F1B66BAEC00B56652 /* CoreLocation.framework */,
				90FEBC701B66BAEC00B56652 /* libsqlite3.dylib */,
				90FEBC711B66BAEC00B56652 /* libz.dylib */,
				90FEBC721B66BAEC00B56652 /* QuartzCore.framework */,
				90FEBC731B66BAEC00B56652 /* Security.framework */,
				90FEBC741B66BAEC00B56652 /* StoreKit.framework */,
				90FEBC751B66BAEC00B56652 /* SystemConfiguration.framework */,
				90FEBC681B66B6EE00B56652 /* Bolts.framework */,
				90FEBC691B66B6EE00B56652 /* Parse.framework */,
			);
			name = Frameworks;
			sourceTree = "<group>";
		};
		BCEB58DC1B66A2A7008B31B4 = {
			isa = PBXGroup;
			children = (
				90FEBC801B66C2BC00B56652 /* Frameworks */,
				BCEB58E71B66A2A7008B31B4 /* MADLab */,
				BCEB58FD1B66A2A7008B31B4 /* MADLabTests */,
				BCEB58E61B66A2A7008B31B4 /* Products */,
			);
			sourceTree = "<group>";
		};
		BCEB58E61B66A2A7008B31B4 /* Products */ = {
			isa = PBXGroup;
			children = (
				BCEB58E51B66A2A7008B31B4 /* MADLab.app */,
				BCEB58FA1B66A2A7008B31B4 /* MADLabTests.xctest */,
			);
			name = Products;
			sourceTree = "<group>";
		};
		BCEB58E71B66A2A7008B31B4 /* MADLab */ = {
			isa = PBXGroup;
			children = (
				BCEB58EA1B66A2A7008B31B4 /* AppDelegate.swift */,
				BCEB58EC1B66A2A7008B31B4 /* ViewController.swift */,
				90FEBC4A1B66B29E00B56652 /* SignUpController.swift */,
				90FEBB051B6935A90005E42A /* Database.swift */,
				90FEBC811B66CAB500B56652 /* SignInController.swift */,
				BCEB58EE1B66A2A7008B31B4 /* Main.storyboard */,
				BC8BD3F21B693B8D00191CCF /* CreateDiscussionBoardViewController.swift */,
				BC8BD3F01B69344E00191CCF /* HomeViewController.swift */,
				BCEB58F11B66A2A7008B31B4 /* Images.xcassets */,
				BCEB58F31B66A2A7008B31B4 /* LaunchScreen.xib */,
				BCEB58E81B66A2A7008B31B4 /* Supporting Files */,
			);
			path = MADLab;
			sourceTree = "<group>";
		};
		BCEB58E81B66A2A7008B31B4 /* Supporting Files */ = {
			isa = PBXGroup;
			children = (
				BCEB58E91B66A2A7008B31B4 /* Info.plist */,
			);
			name = "Supporting Files";
			sourceTree = "<group>";
		};
		BCEB58FD1B66A2A7008B31B4 /* MADLabTests */ = {
			isa = PBXGroup;
			children = (
				BCEB59001B66A2A7008B31B4 /* MADLabTests.swift */,
				BCEB58FE1B66A2A7008B31B4 /* Supporting Files */,
			);
			path = MADLabTests;
			sourceTree = "<group>";
		};
		BCEB58FE1B66A2A7008B31B4 /* Supporting Files */ = {
			isa = PBXGroup;
			children = (
				BCEB58FF1B66A2A7008B31B4 /* Info.plist */,
			);
			name = "Supporting Files";
			sourceTree = "<group>";
		};
/* End PBXGroup section */

/* Begin PBXNativeTarget section */
		BCEB58E41B66A2A7008B31B4 /* MADLab */ = {
			isa = PBXNativeTarget;
			buildConfigurationList = BCEB59041B66A2A7008B31B4 /* Build configuration list for PBXNativeTarget "MADLab" */;
			buildPhases = (
				BCEB58E11B66A2A7008B31B4 /* Sources */,
				BCEB58E21B66A2A7008B31B4 /* Frameworks */,
				BCEB58E31B66A2A7008B31B4 /* Resources */,
			);
			buildRules = (
			);
			dependencies = (
			);
			name = MADLab;
			productName = MADLab;
			productReference = BCEB58E51B66A2A7008B31B4 /* MADLab.app */;
			productType = "com.apple.product-type.application";
		};
		BCEB58F91B66A2A7008B31B4 /* MADLabTests */ = {
			isa = PBXNativeTarget;
			buildConfigurationList = BCEB59071B66A2A7008B31B4 /* Build configuration list for PBXNativeTarget "MADLabTests" */;
			buildPhases = (
				BCEB58F61B66A2A7008B31B4 /* Sources */,
				BCEB58F71B66A2A7008B31B4 /* Frameworks */,
				BCEB58F81B66A2A7008B31B4 /* Resources */,
			);
			buildRules = (
			);
			dependencies = (
				BCEB58FC1B66A2A7008B31B4 /* PBXTargetDependency */,
			);
			name = MADLabTests;
			productName = MADLabTests;
			productReference = BCEB58FA1B66A2A7008B31B4 /* MADLabTests.xctest */;
			productType = "com.apple.product-type.bundle.unit-test";
		};
/* End PBXNativeTarget section */

/* Begin PBXProject section */
		BCEB58DD1B66A2A7008B31B4 /* Project object */ = {
			isa = PBXProject;
			attributes = {
				LastUpgradeCheck = 0640;
				ORGANIZATIONNAME = madlab;
				TargetAttributes = {
					BCEB58E41B66A2A7008B31B4 = {
						CreatedOnToolsVersion = 6.4;
					};
					BCEB58F91B66A2A7008B31B4 = {
						CreatedOnToolsVersion = 6.4;
						TestTargetID = BCEB58E41B66A2A7008B31B4;
					};
				};
			};
			buildConfigurationList = BCEB58E01B66A2A7008B31B4 /* Build configuration list for PBXProject "MADLab" */;
			compatibilityVersion = "Xcode 3.2";
			developmentRegion = English;
			hasScannedForEncodings = 0;
			knownRegions = (
				en,
				Base,
			);
			mainGroup = BCEB58DC1B66A2A7008B31B4;
			productRefGroup = BCEB58E61B66A2A7008B31B4 /* Products */;
			projectDirPath = "";
			projectRoot = "";
			targets = (
				BCEB58E41B66A2A7008B31B4 /* MADLab */,
				BCEB58F91B66A2A7008B31B4 /* MADLabTests */,
			);
		};
/* End PBXProject section */

/* Begin PBXResourcesBuildPhase section */
		BCEB58E31B66A2A7008B31B4 /* Resources */ = {
			isa = PBXResourcesBuildPhase;
			buildActionMask = 2147483647;
			files = (
				BCEB58F01B66A2A7008B31B4 /* Main.storyboard in Resources */,
				BCEB58F51B66A2A7008B31B4 /* LaunchScreen.xib in Resources */,
				BCEB58F21B66A2A7008B31B4 /* Images.xcassets in Resources */,
			);
			runOnlyForDeploymentPostprocessing = 0;
		};
		BCEB58F81B66A2A7008B31B4 /* Resources */ = {
			isa = PBXResourcesBuildPhase;
			buildActionMask = 2147483647;
			files = (
			);
			runOnlyForDeploymentPostprocessing = 0;
		};
/* End PBXResourcesBuildPhase section */

/* Begin PBXSourcesBuildPhase section */
		BCEB58E11B66A2A7008B31B4 /* Sources */ = {
			isa = PBXSourcesBuildPhase;
			buildActionMask = 2147483647;
			files = (
				90FEBB061B6935A90005E42A /* Database.swift in Sources */,
				BC8BD3F11B69344E00191CCF /* HomeViewController.swift in Sources */,
				BCEB58ED1B66A2A7008B31B4 /* ViewController.swift in Sources */,
				90FEBC821B66CAB500B56652 /* SignInController.swift in Sources */,
				BCEB58EB1B66A2A7008B31B4 /* AppDelegate.swift in Sources */,
				BC8BD3F31B693B8D00191CCF /* CreateDiscussionBoardViewController.swift in Sources */,
				90FEBC4B1B66B29E00B56652 /* SignUpController.swift in Sources */,
			);
			runOnlyForDeploymentPostprocessing = 0;
		};
		BCEB58F61B66A2A7008B31B4 /* Sources */ = {
			isa = PBXSourcesBuildPhase;
			buildActionMask = 2147483647;
			files = (
				BCEB59011B66A2A7008B31B4 /* MADLabTests.swift in Sources */,
			);
			runOnlyForDeploymentPostprocessing = 0;
		};
/* End PBXSourcesBuildPhase section */

/* Begin PBXTargetDependency section */
		BCEB58FC1B66A2A7008B31B4 /* PBXTargetDependency */ = {
			isa = PBXTargetDependency;
			target = BCEB58E41B66A2A7008B31B4 /* MADLab */;
			targetProxy = BCEB58FB1B66A2A7008B31B4 /* PBXContainerItemProxy */;
		};
/* End PBXTargetDependency section */

/* Begin PBXVariantGroup section */
		BCEB58EE1B66A2A7008B31B4 /* Main.storyboard */ = {
			isa = PBXVariantGroup;
			children = (
				BCEB58EF1B66A2A7008B31B4 /* Base */,
			);
			name = Main.storyboard;
			sourceTree = "<group>";
		};
		BCEB58F31B66A2A7008B31B4 /* LaunchScreen.xib */ = {
			isa = PBXVariantGroup;
			children = (
				BCEB58F41B66A2A7008B31B4 /* Base */,
			);
			name = LaunchScreen.xib;
			sourceTree = "<group>";
		};
/* End PBXVariantGroup section */

/* Begin XCBuildConfiguration section */
		BCEB59021B66A2A7008B31B4 /* Debug */ = {
			isa = XCBuildConfiguration;
			buildSettings = {
				ALWAYS_SEARCH_USER_PATHS = NO;
				CLANG_CXX_LANGUAGE_STANDARD = "gnu++0x";
				CLANG_CXX_LIBRARY = "libc++";
				CLANG_ENABLE_MODULES = YES;
				CLANG_ENABLE_OBJC_ARC = YES;
				CLANG_WARN_BOOL_CONVERSION = YES;
				CLANG_WARN_CONSTANT_CONVERSION = YES;
				CLANG_WARN_DIRECT_OBJC_ISA_USAGE = YES_ERROR;
				CLANG_WARN_EMPTY_BODY = YES;
				CLANG_WARN_ENUM_CONVERSION = YES;
				CLANG_WARN_INT_CONVERSION = YES;
				CLANG_WARN_OBJC_ROOT_CLASS = YES_ERROR;
				CLANG_WARN_UNREACHABLE_CODE = YES;
				CLANG_WARN__DUPLICATE_METHOD_MATCH = YES;
				"CODE_SIGN_IDENTITY[sdk=iphoneos*]" = "iPhone Developer";
				COPY_PHASE_STRIP = NO;
				DEBUG_INFORMATION_FORMAT = "dwarf-with-dsym";
				ENABLE_STRICT_OBJC_MSGSEND = YES;
				GCC_C_LANGUAGE_STANDARD = gnu99;
				GCC_DYNAMIC_NO_PIC = NO;
				GCC_NO_COMMON_BLOCKS = YES;
				GCC_OPTIMIZATION_LEVEL = 0;
				GCC_PREPROCESSOR_DEFINITIONS = (
					"DEBUG=1",
					"$(inherited)",
				);
				GCC_SYMBOLS_PRIVATE_EXTERN = NO;
				GCC_WARN_64_TO_32_BIT_CONVERSION = YES;
				GCC_WARN_ABOUT_RETURN_TYPE = YES_ERROR;
				GCC_WARN_UNDECLARED_SELECTOR = YES;
				GCC_WARN_UNINITIALIZED_AUTOS = YES_AGGRESSIVE;
				GCC_WARN_UNUSED_FUNCTION = YES;
				GCC_WARN_UNUSED_VARIABLE = YES;
				IPHONEOS_DEPLOYMENT_TARGET = 8.4;
				MTL_ENABLE_DEBUG_INFO = YES;
				ONLY_ACTIVE_ARCH = YES;
				SDKROOT = iphoneos;
				SWIFT_OPTIMIZATION_LEVEL = "-Onone";
			};
			name = Debug;
		};
		BCEB59031B66A2A7008B31B4 /* Release */ = {
			isa = XCBuildConfiguration;
			buildSettings = {
				ALWAYS_SEARCH_USER_PATHS = NO;
				CLANG_CXX_LANGUAGE_STANDARD = "gnu++0x";
				CLANG_CXX_LIBRARY = "libc++";
				CLANG_ENABLE_MODULES = YES;
				CLANG_ENABLE_OBJC_ARC = YES;
				CLANG_WARN_BOOL_CONVERSION = YES;
				CLANG_WARN_CONSTANT_CONVERSION = YES;
				CLANG_WARN_DIRECT_OBJC_ISA_USAGE = YES_ERROR;
				CLANG_WARN_EMPTY_BODY = YES;
				CLANG_WARN_ENUM_CONVERSION = YES;
				CLANG_WARN_INT_CONVERSION = YES;
				CLANG_WARN_OBJC_ROOT_CLASS = YES_ERROR;
				CLANG_WARN_UNREACHABLE_CODE = YES;
				CLANG_WARN__DUPLICATE_METHOD_MATCH = YES;
				"CODE_SIGN_IDENTITY[sdk=iphoneos*]" = "iPhone Developer";
				COPY_PHASE_STRIP = NO;
				DEBUG_INFORMATION_FORMAT = "dwarf-with-dsym";
				ENABLE_NS_ASSERTIONS = NO;
				ENABLE_STRICT_OBJC_MSGSEND = YES;
				GCC_C_LANGUAGE_STANDARD = gnu99;
				GCC_NO_COMMON_BLOCKS = YES;
				GCC_WARN_64_TO_32_BIT_CONVERSION = YES;
				GCC_WARN_ABOUT_RETURN_TYPE = YES_ERROR;
				GCC_WARN_UNDECLARED_SELECTOR = YES;
				GCC_WARN_UNINITIALIZED_AUTOS = YES_AGGRESSIVE;
				GCC_WARN_UNUSED_FUNCTION = YES;
				GCC_WARN_UNUSED_VARIABLE = YES;
				IPHONEOS_DEPLOYMENT_TARGET = 8.4;
				MTL_ENABLE_DEBUG_INFO = NO;
				SDKROOT = iphoneos;
				VALIDATE_PRODUCT = YES;
			};
			name = Release;
		};
		BCEB59051B66A2A7008B31B4 /* Debug */ = {
			isa = XCBuildConfiguration;
			buildSettings = {
				ASSETCATALOG_COMPILER_APPICON_NAME = AppIcon;
				FRAMEWORK_SEARCH_PATHS = (
					"$(inherited)",
					"$(PROJECT_DIR)/MADLab",
					"/Users/RM/Downloads/parse-library-1",
					"$(PROJECT_DIR)",
				);
				INFOPLIST_FILE = MADLab/Info.plist;
				LD_RUNPATH_SEARCH_PATHS = "$(inherited) @executable_path/Frameworks";
				PRODUCT_NAME = "$(TARGET_NAME)";
			};
			name = Debug;
		};
		BCEB59061B66A2A7008B31B4 /* Release */ = {
			isa = XCBuildConfiguration;
			buildSettings = {
				ASSETCATALOG_COMPILER_APPICON_NAME = AppIcon;
				FRAMEWORK_SEARCH_PATHS = (
					"$(inherited)",
					"$(PROJECT_DIR)/MADLab",
					"/Users/RM/Downloads/parse-library-1",
					"$(PROJECT_DIR)",
				);
				INFOPLIST_FILE = MADLab/Info.plist;
				LD_RUNPATH_SEARCH_PATHS = "$(inherited) @executable_path/Frameworks";
				PRODUCT_NAME = "$(TARGET_NAME)";
			};
			name = Release;
		};
		BCEB59081B66A2A7008B31B4 /* Debug */ = {
			isa = XCBuildConfiguration;
			buildSettings = {
				BUNDLE_LOADER = "$(TEST_HOST)";
				FRAMEWORK_SEARCH_PATHS = (
					"$(SDKROOT)/Developer/Library/Frameworks",
					"$(inherited)",
				);
				GCC_PREPROCESSOR_DEFINITIONS = (
					"DEBUG=1",
					"$(inherited)",
				);
				INFOPLIST_FILE = MADLabTests/Info.plist;
				LD_RUNPATH_SEARCH_PATHS = "$(inherited) @executable_path/Frameworks @loader_path/Frameworks";
				PRODUCT_NAME = "$(TARGET_NAME)";
				TEST_HOST = "$(BUILT_PRODUCTS_DIR)/MADLab.app/MADLab";
			};
			name = Debug;
		};
		BCEB59091B66A2A7008B31B4 /* Release */ = {
			isa = XCBuildConfiguration;
			buildSettings = {
				BUNDLE_LOADER = "$(TEST_HOST)";
				FRAMEWORK_SEARCH_PATHS = (
					"$(SDKROOT)/Developer/Library/Frameworks",
					"$(inherited)",
				);
				INFOPLIST_FILE = MADLabTests/Info.plist;
				LD_RUNPATH_SEARCH_PATHS = "$(inherited) @executable_path/Frameworks @loader_path/Frameworks";
				PRODUCT_NAME = "$(TARGET_NAME)";
				TEST_HOST = "$(BUILT_PRODUCTS_DIR)/MADLab.app/MADLab";
			};
			name = Release;
		};
/* End XCBuildConfiguration section */

/* Begin XCConfigurationList section */
		BCEB58E01B66A2A7008B31B4 /* Build configuration list for PBXProject "MADLab" */ = {
			isa = XCConfigurationList;
			buildConfigurations = (
				BCEB59021B66A2A7008B31B4 /* Debug */,
				BCEB59031B66A2A7008B31B4 /* Release */,
			);
			defaultConfigurationIsVisible = 0;
			defaultConfigurationName = Release;
		};
		BCEB59041B66A2A7008B31B4 /* Build configuration list for PBXNativeTarget "MADLab" */ = {
			isa = XCConfigurationList;
			buildConfigurations = (
				BCEB59051B66A2A7008B31B4 /* Debug */,
				BCEB59061B66A2A7008B31B4 /* Release */,
			);
			defaultConfigurationIsVisible = 0;
			defaultConfigurationName = Release;
		};
		BCEB59071B66A2A7008B31B4 /* Build configuration list for PBXNativeTarget "MADLabTests" */ = {
			isa = XCConfigurationList;
			buildConfigurations = (
				BCEB59081B66A2A7008B31B4 /* Debug */,
				BCEB59091B66A2A7008B31B4 /* Release */,
			);
			defaultConfigurationIsVisible = 0;
			defaultConfigurationName = Release;
		};
/* End XCConfigurationList section */
	};
	rootObject = BCEB58DD1B66A2A7008B31B4 /* Project object */;
}
